
Microsoft Visual Studio Solution File, Format Version 12.00
# Visual Studio 14
VisualStudioVersion = 14.0.25420.1
MinimumVisualStudioVersion = 10.0.40219.1
Project("{FAE04EC0-301F-11D3-BF4B-00C04F79EFBC}") = "SharpRemote.Windows", "SharpRemote.Windows\SharpRemote.Windows.csproj", "{1B908B3A-2F3B-47B8-B69F-3827B8829586}"
EndProject
Project("{FAE04EC0-301F-11D3-BF4B-00C04F79EFBC}") = "SharpRemote.Test", "SharpRemote.Test\SharpRemote.Test.csproj", "{377C04C5-EE8C-4159-BDDC-37F1A8372705}"
EndProject
Project("{2150E333-8FDC-42A3-9474-1A3956D46DE8}") = "__Solution Items", "__Solution Items", "{4539F890-A585-4651-BE41-6D560801E44C}"
	ProjectSection(SolutionItems) = preProject
		.gitignore = .gitignore
		license.txt = license.txt
		README.md = README.md
	EndProjectSection
EndProject
Project("{2150E333-8FDC-42A3-9474-1A3956D46DE8}") = "Platforms", "Platforms", "{0DFD78EE-EFBE-4F42-8195-87BF371EAFDD}"
EndProject
Project("{2150E333-8FDC-42A3-9474-1A3956D46DE8}") = "Samples", "Samples", "{FEBCB651-C5D8-4374-BF9C-20D6FE6AC60E}"
EndProject
Project("{2150E333-8FDC-42A3-9474-1A3956D46DE8}") = "Tests", "Tests", "{E624D4D5-6EF9-4DCE-B5FC-C7DB6F387760}"
EndProject
Project("{2150E333-8FDC-42A3-9474-1A3956D46DE8}") = ".nuget", ".nuget", "{C54CC6BB-A650-475B-A07B-94FCA8BE71A3}"
	ProjectSection(SolutionItems) = preProject
		.nuget\packages.config = .nuget\packages.config
	EndProjectSection
EndProject
Project("{FAE04EC0-301F-11D3-BF4B-00C04F79EFBC}") = "SharpRemote.Host", "SharpRemote.Host\SharpRemote.Host.csproj", "{21218E92-3815-4E5E-9761-C3FB0709F532}"
EndProject
Project("{FAE04EC0-301F-11D3-BF4B-00C04F79EFBC}") = "SampleLibrary", "Samples\SampleLibrary\SampleLibrary.csproj", "{21331D8D-C95A-44AE-BB90-62F9CA0F1AB6}"
EndProject
Project("{2150E333-8FDC-42A3-9474-1A3956D46DE8}") = "Windows", "Windows", "{E0FFF03D-34B3-406E-9456-501E0C9D8E1C}"
EndProject
Project("{2150E333-8FDC-42A3-9474-1A3956D46DE8}") = "Windows Phone", "Windows Phone", "{DB38E0FB-D5C0-48D2-838C-5A4EAD6677C6}"
EndProject
Project("{FAE04EC0-301F-11D3-BF4B-00C04F79EFBC}") = "svcutil", "svcutil\svcutil.csproj", "{C640AA00-0B3B-4850-95A9-A869551126E3}"
EndProject
Project("{2150E333-8FDC-42A3-9474-1A3956D46DE8}") = "Tests", "Tests", "{8BE8DD24-AC83-48FA-9D39-86A7A8B9C7BF}"
EndProject
Project("{FAE04EC0-301F-11D3-BF4B-00C04F79EFBC}") = "svcutil.Test", "svcutil.Test\svcutil.Test.csproj", "{54521074-D12C-4ADA-AAEC-D5F93FE36003}"
EndProject
Project("{FAE04EC0-301F-11D3-BF4B-00C04F79EFBC}") = "SampleBrowser", "Samples\SampleBrowser\SampleBrowser.csproj", "{4C11A5D4-F468-4B6E-BB57-2E1B521DBCB2}"
EndProject
Project("{2150E333-8FDC-42A3-9474-1A3956D46DE8}") = ".nuget", ".nuget", "{8CE88288-47DE-4A6D-9770-A49E69A48E54}"
	ProjectSection(SolutionItems) = preProject
		.nuget\packages.config = .nuget\packages.config
	EndProjectSection
EndProject
Project("{FAE04EC0-301F-11D3-BF4B-00C04F79EFBC}") = "SharpRemote.Watchdog.Service", "SharpRemote.Watchdog.Service\SharpRemote.Watchdog.Service.csproj", "{44C76CA2-BC2E-4909-AA62-61C5CBBEBB32}"
EndProject
Project("{FAE04EC0-301F-11D3-BF4B-00C04F79EFBC}") = "SharpRemote.Watchdog", "SharpRemote.Watchdog\SharpRemote.Watchdog.csproj", "{93661533-283D-4162-950F-10F232339620}"
EndProject
Project("{FAE04EC0-301F-11D3-BF4B-00C04F79EFBC}") = "ConsoleApplication1", "ConsoleApplication1\ConsoleApplication1.csproj", "{9C8FF3F3-C560-4390-A113-3A5220F02E15}"
EndProject
Project("{8BC9CEB8-8B4A-11D0-8D11-00A0C91BC942}") = "SharpRemote.Test.Native.x64", "SharpRemote.Test\SharpRemote.Test.Native.x64.vcxproj", "{A8798EC1-163B-4C75-B0A5-500A7A1E26A5}"
EndProject
Project("{8BC9CEB8-8B4A-11D0-8D11-00A0C91BC942}") = "SharpRemote.Test.Native.x86", "SharpRemote.Test\SharpRemote.Test.Native.x86.vcxproj", "{7BC364F5-0E03-42F1-AD26-934A2C92B1D5}"
EndProject
Project("{8BC9CEB8-8B4A-11D0-8D11-00A0C91BC942}") = "SharpRemote.PostmortemDebugger.x64", "SharpRemote.Windows\SharpRemote.PostmortemDebugging.x64.vcxproj", "{5EEECB8E-D2F5-4A0B-A8E2-EFA2C55D8D2B}"
EndProject
Project("{8BC9CEB8-8B4A-11D0-8D11-00A0C91BC942}") = "SharpRemote.PostmortemDebugger.x86", "SharpRemote.Windows\SharpRemote.PostmortemDebugging.x86.vcxproj", "{154CEA98-BF1B-4F7F-A5B6-409952A15D66}"
EndProject
Project("{8BC9CEB8-8B4A-11D0-8D11-00A0C91BC942}") = "SharpRemote.PostmortemDebugger.x64D", "SharpRemote.Windows\SharpRemote.PostmortemDebugging.x64D.vcxproj", "{3106165D-889A-4EB2-9B3E-230C89378519}"
EndProject
Project("{8BC9CEB8-8B4A-11D0-8D11-00A0C91BC942}") = "SharpRemote.PostmortemDebugger.x86D", "SharpRemote.Windows\SharpRemote.PostmortemDebugging.x86D.vcxproj", "{49BF0981-08D6-41D2-B797-7FE5486626DC}"
EndProject
Project("{FAE04EC0-301F-11D3-BF4B-00C04F79EFBC}") = "SharpRemote.Host.FailsStartup", "SharpRemote.Host.FailsStartup\SharpRemote.Host.FailsStartup.csproj", "{C0C2492B-E3E3-49E2-BA97-76CB07C3F473}"
EndProject
Project("{FAE04EC0-301F-11D3-BF4B-00C04F79EFBC}") = "SharpRemote.SystemTest", "SharpRemote.SystemTest\SharpRemote.SystemTest.csproj", "{792694CE-6935-4452-9F3C-319ADAA87A26}"
EndProject
Project("{FAE04EC0-301F-11D3-BF4B-00C04F79EFBC}") = "SharpRemote.WebApi", "SharpRemote.WebApi\SharpRemote.WebApi.csproj", "{A358345A-44E1-4767-A20C-A97DE4BAF52C}"
EndProject
Project("{FAE04EC0-301F-11D3-BF4B-00C04F79EFBC}") = "SharpRemote.Bluetooth", "SharpRemote.Bluetooth\SharpRemote.Bluetooth.csproj", "{41F098DA-29DC-48AF-9C6C-2BC6F4F0BE41}"
EndProject
Global
	GlobalSection(SolutionConfigurationPlatforms) = preSolution
		Debug|Any CPU = Debug|Any CPU
		Debug|ARM = Debug|ARM
		Debug|Mixed Platforms = Debug|Mixed Platforms
		Debug|Win32 = Debug|Win32
		Debug|x64 = Debug|x64
		Debug|x86 = Debug|x86
		Release|Any CPU = Release|Any CPU
		Release|ARM = Release|ARM
		Release|Mixed Platforms = Release|Mixed Platforms
		Release|Win32 = Release|Win32
		Release|x64 = Release|x64
		Release|x86 = Release|x86
	EndGlobalSection
	GlobalSection(ProjectConfigurationPlatforms) = postSolution
		{1B908B3A-2F3B-47B8-B69F-3827B8829586}.Debug|Any CPU.ActiveCfg = Debug|Any CPU
		{1B908B3A-2F3B-47B8-B69F-3827B8829586}.Debug|Any CPU.Build.0 = Debug|Any CPU
		{1B908B3A-2F3B-47B8-B69F-3827B8829586}.Debug|ARM.ActiveCfg = Debug|Any CPU
		{1B908B3A-2F3B-47B8-B69F-3827B8829586}.Debug|Mixed Platforms.ActiveCfg = Debug|Any CPU
		{1B908B3A-2F3B-47B8-B69F-3827B8829586}.Debug|Mixed Platforms.Build.0 = Debug|Any CPU
		{1B908B3A-2F3B-47B8-B69F-3827B8829586}.Debug|Win32.ActiveCfg = Debug|Any CPU
		{1B908B3A-2F3B-47B8-B69F-3827B8829586}.Debug|x64.ActiveCfg = Debug|Any CPU
		{1B908B3A-2F3B-47B8-B69F-3827B8829586}.Debug|x86.ActiveCfg = Debug|Any CPU
		{1B908B3A-2F3B-47B8-B69F-3827B8829586}.Release|Any CPU.ActiveCfg = Release|Any CPU
		{1B908B3A-2F3B-47B8-B69F-3827B8829586}.Release|Any CPU.Build.0 = Release|Any CPU
		{1B908B3A-2F3B-47B8-B69F-3827B8829586}.Release|ARM.ActiveCfg = Release|Any CPU
		{1B908B3A-2F3B-47B8-B69F-3827B8829586}.Release|Mixed Platforms.ActiveCfg = Release|Any CPU
		{1B908B3A-2F3B-47B8-B69F-3827B8829586}.Release|Mixed Platforms.Build.0 = Release|Any CPU
		{1B908B3A-2F3B-47B8-B69F-3827B8829586}.Release|Win32.ActiveCfg = Release|Any CPU
		{1B908B3A-2F3B-47B8-B69F-3827B8829586}.Release|x64.ActiveCfg = Release|Any CPU
		{1B908B3A-2F3B-47B8-B69F-3827B8829586}.Release|x86.ActiveCfg = Release|Any CPU
		{377C04C5-EE8C-4159-BDDC-37F1A8372705}.Debug|Any CPU.ActiveCfg = Debug|Any CPU
		{377C04C5-EE8C-4159-BDDC-37F1A8372705}.Debug|Any CPU.Build.0 = Debug|Any CPU
		{377C04C5-EE8C-4159-BDDC-37F1A8372705}.Debug|ARM.ActiveCfg = Debug|Any CPU
		{377C04C5-EE8C-4159-BDDC-37F1A8372705}.Debug|Mixed Platforms.ActiveCfg = Debug|Any CPU
		{377C04C5-EE8C-4159-BDDC-37F1A8372705}.Debug|Mixed Platforms.Build.0 = Debug|Any CPU
		{377C04C5-EE8C-4159-BDDC-37F1A8372705}.Debug|Win32.ActiveCfg = Debug|Any CPU
		{377C04C5-EE8C-4159-BDDC-37F1A8372705}.Debug|x64.ActiveCfg = Debug|Any CPU
		{377C04C5-EE8C-4159-BDDC-37F1A8372705}.Debug|x86.ActiveCfg = Debug|Any CPU
		{377C04C5-EE8C-4159-BDDC-37F1A8372705}.Release|Any CPU.ActiveCfg = Release|Any CPU
		{377C04C5-EE8C-4159-BDDC-37F1A8372705}.Release|Any CPU.Build.0 = Release|Any CPU
		{377C04C5-EE8C-4159-BDDC-37F1A8372705}.Release|ARM.ActiveCfg = Release|Any CPU
		{377C04C5-EE8C-4159-BDDC-37F1A8372705}.Release|Mixed Platforms.ActiveCfg = Release|Any CPU
		{377C04C5-EE8C-4159-BDDC-37F1A8372705}.Release|Mixed Platforms.Build.0 = Release|Any CPU
		{377C04C5-EE8C-4159-BDDC-37F1A8372705}.Release|Win32.ActiveCfg = Release|Any CPU
		{377C04C5-EE8C-4159-BDDC-37F1A8372705}.Release|x64.ActiveCfg = Release|Any CPU
		{377C04C5-EE8C-4159-BDDC-37F1A8372705}.Release|x86.ActiveCfg = Release|Any CPU
		{21218E92-3815-4E5E-9761-C3FB0709F532}.Debug|Any CPU.ActiveCfg = Debug|Any CPU
		{21218E92-3815-4E5E-9761-C3FB0709F532}.Debug|Any CPU.Build.0 = Debug|Any CPU
		{21218E92-3815-4E5E-9761-C3FB0709F532}.Debug|ARM.ActiveCfg = Debug|Any CPU
		{21218E92-3815-4E5E-9761-C3FB0709F532}.Debug|Mixed Platforms.ActiveCfg = Debug|Any CPU
		{21218E92-3815-4E5E-9761-C3FB0709F532}.Debug|Mixed Platforms.Build.0 = Debug|Any CPU
		{21218E92-3815-4E5E-9761-C3FB0709F532}.Debug|Win32.ActiveCfg = Debug|Any CPU
		{21218E92-3815-4E5E-9761-C3FB0709F532}.Debug|x64.ActiveCfg = Debug|Any CPU
		{21218E92-3815-4E5E-9761-C3FB0709F532}.Debug|x86.ActiveCfg = Debug|Any CPU
		{21218E92-3815-4E5E-9761-C3FB0709F532}.Release|Any CPU.ActiveCfg = Release|Any CPU
		{21218E92-3815-4E5E-9761-C3FB0709F532}.Release|Any CPU.Build.0 = Release|Any CPU
		{21218E92-3815-4E5E-9761-C3FB0709F532}.Release|ARM.ActiveCfg = Release|Any CPU
		{21218E92-3815-4E5E-9761-C3FB0709F532}.Release|Mixed Platforms.ActiveCfg = Release|Any CPU
		{21218E92-3815-4E5E-9761-C3FB0709F532}.Release|Mixed Platforms.Build.0 = Release|Any CPU
		{21218E92-3815-4E5E-9761-C3FB0709F532}.Release|Win32.ActiveCfg = Release|Any CPU
		{21218E92-3815-4E5E-9761-C3FB0709F532}.Release|x64.ActiveCfg = Release|Any CPU
		{21218E92-3815-4E5E-9761-C3FB0709F532}.Release|x86.ActiveCfg = Release|Any CPU
		{21331D8D-C95A-44AE-BB90-62F9CA0F1AB6}.Debug|Any CPU.ActiveCfg = Debug|Any CPU
		{21331D8D-C95A-44AE-BB90-62F9CA0F1AB6}.Debug|Any CPU.Build.0 = Debug|Any CPU
		{21331D8D-C95A-44AE-BB90-62F9CA0F1AB6}.Debug|ARM.ActiveCfg = Debug|Any CPU
		{21331D8D-C95A-44AE-BB90-62F9CA0F1AB6}.Debug|Mixed Platforms.ActiveCfg = Debug|Any CPU
		{21331D8D-C95A-44AE-BB90-62F9CA0F1AB6}.Debug|Mixed Platforms.Build.0 = Debug|Any CPU
		{21331D8D-C95A-44AE-BB90-62F9CA0F1AB6}.Debug|Win32.ActiveCfg = Debug|Any CPU
		{21331D8D-C95A-44AE-BB90-62F9CA0F1AB6}.Debug|x64.ActiveCfg = Debug|Any CPU
		{21331D8D-C95A-44AE-BB90-62F9CA0F1AB6}.Debug|x86.ActiveCfg = Debug|Any CPU
		{21331D8D-C95A-44AE-BB90-62F9CA0F1AB6}.Release|Any CPU.ActiveCfg = Release|Any CPU
		{21331D8D-C95A-44AE-BB90-62F9CA0F1AB6}.Release|Any CPU.Build.0 = Release|Any CPU
		{21331D8D-C95A-44AE-BB90-62F9CA0F1AB6}.Release|ARM.ActiveCfg = Release|Any CPU
		{21331D8D-C95A-44AE-BB90-62F9CA0F1AB6}.Release|Mixed Platforms.ActiveCfg = Release|Any CPU
		{21331D8D-C95A-44AE-BB90-62F9CA0F1AB6}.Release|Mixed Platforms.Build.0 = Release|Any CPU
		{21331D8D-C95A-44AE-BB90-62F9CA0F1AB6}.Release|Win32.ActiveCfg = Release|Any CPU
		{21331D8D-C95A-44AE-BB90-62F9CA0F1AB6}.Release|x64.ActiveCfg = Release|Any CPU
		{21331D8D-C95A-44AE-BB90-62F9CA0F1AB6}.Release|x86.ActiveCfg = Release|Any CPU
		{C640AA00-0B3B-4850-95A9-A869551126E3}.Debug|Any CPU.ActiveCfg = Debug|Any CPU
		{C640AA00-0B3B-4850-95A9-A869551126E3}.Debug|Any CPU.Build.0 = Debug|Any CPU
		{C640AA00-0B3B-4850-95A9-A869551126E3}.Debug|ARM.ActiveCfg = Debug|Any CPU
		{C640AA00-0B3B-4850-95A9-A869551126E3}.Debug|Mixed Platforms.ActiveCfg = Debug|Any CPU
		{C640AA00-0B3B-4850-95A9-A869551126E3}.Debug|Mixed Platforms.Build.0 = Debug|Any CPU
		{C640AA00-0B3B-4850-95A9-A869551126E3}.Debug|Win32.ActiveCfg = Debug|Any CPU
		{C640AA00-0B3B-4850-95A9-A869551126E3}.Debug|x64.ActiveCfg = Debug|Any CPU
		{C640AA00-0B3B-4850-95A9-A869551126E3}.Debug|x86.ActiveCfg = Debug|Any CPU
		{C640AA00-0B3B-4850-95A9-A869551126E3}.Release|Any CPU.ActiveCfg = Release|Any CPU
		{C640AA00-0B3B-4850-95A9-A869551126E3}.Release|Any CPU.Build.0 = Release|Any CPU
		{C640AA00-0B3B-4850-95A9-A869551126E3}.Release|ARM.ActiveCfg = Release|Any CPU
		{C640AA00-0B3B-4850-95A9-A869551126E3}.Release|Mixed Platforms.ActiveCfg = Release|Any CPU
		{C640AA00-0B3B-4850-95A9-A869551126E3}.Release|Mixed Platforms.Build.0 = Release|Any CPU
		{C640AA00-0B3B-4850-95A9-A869551126E3}.Release|Win32.ActiveCfg = Release|Any CPU
		{C640AA00-0B3B-4850-95A9-A869551126E3}.Release|x64.ActiveCfg = Release|Any CPU
		{C640AA00-0B3B-4850-95A9-A869551126E3}.Release|x86.ActiveCfg = Release|Any CPU
		{54521074-D12C-4ADA-AAEC-D5F93FE36003}.Debug|Any CPU.ActiveCfg = Debug|Any CPU
		{54521074-D12C-4ADA-AAEC-D5F93FE36003}.Debug|Any CPU.Build.0 = Debug|Any CPU
		{54521074-D12C-4ADA-AAEC-D5F93FE36003}.Debug|ARM.ActiveCfg = Debug|Any CPU
		{54521074-D12C-4ADA-AAEC-D5F93FE36003}.Debug|Mixed Platforms.ActiveCfg = Debug|Any CPU
		{54521074-D12C-4ADA-AAEC-D5F93FE36003}.Debug|Mixed Platforms.Build.0 = Debug|Any CPU
		{54521074-D12C-4ADA-AAEC-D5F93FE36003}.Debug|Win32.ActiveCfg = Debug|Any CPU
		{54521074-D12C-4ADA-AAEC-D5F93FE36003}.Debug|x64.ActiveCfg = Debug|Any CPU
		{54521074-D12C-4ADA-AAEC-D5F93FE36003}.Debug|x86.ActiveCfg = Debug|Any CPU
		{54521074-D12C-4ADA-AAEC-D5F93FE36003}.Release|Any CPU.ActiveCfg = Release|Any CPU
		{54521074-D12C-4ADA-AAEC-D5F93FE36003}.Release|Any CPU.Build.0 = Release|Any CPU
		{54521074-D12C-4ADA-AAEC-D5F93FE36003}.Release|ARM.ActiveCfg = Release|Any CPU
		{54521074-D12C-4ADA-AAEC-D5F93FE36003}.Release|Mixed Platforms.ActiveCfg = Release|Any CPU
		{54521074-D12C-4ADA-AAEC-D5F93FE36003}.Release|Mixed Platforms.Build.0 = Release|Any CPU
		{54521074-D12C-4ADA-AAEC-D5F93FE36003}.Release|Win32.ActiveCfg = Release|Any CPU
		{54521074-D12C-4ADA-AAEC-D5F93FE36003}.Release|x64.ActiveCfg = Release|Any CPU
		{54521074-D12C-4ADA-AAEC-D5F93FE36003}.Release|x86.ActiveCfg = Release|Any CPU
		{4C11A5D4-F468-4B6E-BB57-2E1B521DBCB2}.Debug|Any CPU.ActiveCfg = Debug|Any CPU
		{4C11A5D4-F468-4B6E-BB57-2E1B521DBCB2}.Debug|Any CPU.Build.0 = Debug|Any CPU
		{4C11A5D4-F468-4B6E-BB57-2E1B521DBCB2}.Debug|ARM.ActiveCfg = Debug|Any CPU
		{4C11A5D4-F468-4B6E-BB57-2E1B521DBCB2}.Debug|Mixed Platforms.ActiveCfg = Debug|Any CPU
		{4C11A5D4-F468-4B6E-BB57-2E1B521DBCB2}.Debug|Mixed Platforms.Build.0 = Debug|Any CPU
		{4C11A5D4-F468-4B6E-BB57-2E1B521DBCB2}.Debug|Win32.ActiveCfg = Debug|Any CPU
		{4C11A5D4-F468-4B6E-BB57-2E1B521DBCB2}.Debug|x64.ActiveCfg = Debug|Any CPU
		{4C11A5D4-F468-4B6E-BB57-2E1B521DBCB2}.Debug|x86.ActiveCfg = Debug|Any CPU
		{4C11A5D4-F468-4B6E-BB57-2E1B521DBCB2}.Release|Any CPU.ActiveCfg = Release|Any CPU
		{4C11A5D4-F468-4B6E-BB57-2E1B521DBCB2}.Release|Any CPU.Build.0 = Release|Any CPU
		{4C11A5D4-F468-4B6E-BB57-2E1B521DBCB2}.Release|ARM.ActiveCfg = Release|Any CPU
		{4C11A5D4-F468-4B6E-BB57-2E1B521DBCB2}.Release|Mixed Platforms.ActiveCfg = Release|Any CPU
		{4C11A5D4-F468-4B6E-BB57-2E1B521DBCB2}.Release|Mixed Platforms.Build.0 = Release|Any CPU
		{4C11A5D4-F468-4B6E-BB57-2E1B521DBCB2}.Release|Win32.ActiveCfg = Release|Any CPU
		{4C11A5D4-F468-4B6E-BB57-2E1B521DBCB2}.Release|x64.ActiveCfg = Release|Any CPU
		{4C11A5D4-F468-4B6E-BB57-2E1B521DBCB2}.Release|x86.ActiveCfg = Release|Any CPU
		{44C76CA2-BC2E-4909-AA62-61C5CBBEBB32}.Debug|Any CPU.ActiveCfg = Debug|Any CPU
		{44C76CA2-BC2E-4909-AA62-61C5CBBEBB32}.Debug|Any CPU.Build.0 = Debug|Any CPU
		{44C76CA2-BC2E-4909-AA62-61C5CBBEBB32}.Debug|ARM.ActiveCfg = Debug|Any CPU
		{44C76CA2-BC2E-4909-AA62-61C5CBBEBB32}.Debug|Mixed Platforms.ActiveCfg = Debug|Any CPU
		{44C76CA2-BC2E-4909-AA62-61C5CBBEBB32}.Debug|Mixed Platforms.Build.0 = Debug|Any CPU
		{44C76CA2-BC2E-4909-AA62-61C5CBBEBB32}.Debug|Win32.ActiveCfg = Debug|Any CPU
		{44C76CA2-BC2E-4909-AA62-61C5CBBEBB32}.Debug|x64.ActiveCfg = Debug|Any CPU
		{44C76CA2-BC2E-4909-AA62-61C5CBBEBB32}.Debug|x86.ActiveCfg = Debug|Any CPU
		{44C76CA2-BC2E-4909-AA62-61C5CBBEBB32}.Release|Any CPU.ActiveCfg = Release|Any CPU
		{44C76CA2-BC2E-4909-AA62-61C5CBBEBB32}.Release|Any CPU.Build.0 = Release|Any CPU
		{44C76CA2-BC2E-4909-AA62-61C5CBBEBB32}.Release|ARM.ActiveCfg = Release|Any CPU
		{44C76CA2-BC2E-4909-AA62-61C5CBBEBB32}.Release|Mixed Platforms.ActiveCfg = Release|Any CPU
		{44C76CA2-BC2E-4909-AA62-61C5CBBEBB32}.Release|Mixed Platforms.Build.0 = Release|Any CPU
		{44C76CA2-BC2E-4909-AA62-61C5CBBEBB32}.Release|Win32.ActiveCfg = Release|Any CPU
		{44C76CA2-BC2E-4909-AA62-61C5CBBEBB32}.Release|x64.ActiveCfg = Release|Any CPU
		{44C76CA2-BC2E-4909-AA62-61C5CBBEBB32}.Release|x86.ActiveCfg = Release|Any CPU
		{93661533-283D-4162-950F-10F232339620}.Debug|Any CPU.ActiveCfg = Debug|Any CPU
		{93661533-283D-4162-950F-10F232339620}.Debug|Any CPU.Build.0 = Debug|Any CPU
		{93661533-283D-4162-950F-10F232339620}.Debug|ARM.ActiveCfg = Debug|Any CPU
		{93661533-283D-4162-950F-10F232339620}.Debug|Mixed Platforms.ActiveCfg = Debug|Any CPU
		{93661533-283D-4162-950F-10F232339620}.Debug|Mixed Platforms.Build.0 = Debug|Any CPU
		{93661533-283D-4162-950F-10F232339620}.Debug|Win32.ActiveCfg = Debug|Any CPU
		{93661533-283D-4162-950F-10F232339620}.Debug|x64.ActiveCfg = Debug|Any CPU
		{93661533-283D-4162-950F-10F232339620}.Debug|x86.ActiveCfg = Debug|Any CPU
		{93661533-283D-4162-950F-10F232339620}.Release|Any CPU.ActiveCfg = Release|Any CPU
		{93661533-283D-4162-950F-10F232339620}.Release|Any CPU.Build.0 = Release|Any CPU
		{93661533-283D-4162-950F-10F232339620}.Release|ARM.ActiveCfg = Release|Any CPU
		{93661533-283D-4162-950F-10F232339620}.Release|Mixed Platforms.ActiveCfg = Release|Any CPU
		{93661533-283D-4162-950F-10F232339620}.Release|Mixed Platforms.Build.0 = Release|Any CPU
		{93661533-283D-4162-950F-10F232339620}.Release|Win32.ActiveCfg = Release|Any CPU
		{93661533-283D-4162-950F-10F232339620}.Release|x64.ActiveCfg = Release|Any CPU
		{93661533-283D-4162-950F-10F232339620}.Release|x86.ActiveCfg = Release|Any CPU
		{9C8FF3F3-C560-4390-A113-3A5220F02E15}.Debug|Any CPU.ActiveCfg = Debug|Any CPU
		{9C8FF3F3-C560-4390-A113-3A5220F02E15}.Debug|Any CPU.Build.0 = Debug|Any CPU
		{9C8FF3F3-C560-4390-A113-3A5220F02E15}.Debug|ARM.ActiveCfg = Debug|Any CPU
		{9C8FF3F3-C560-4390-A113-3A5220F02E15}.Debug|Mixed Platforms.ActiveCfg = Debug|Any CPU
		{9C8FF3F3-C560-4390-A113-3A5220F02E15}.Debug|Mixed Platforms.Build.0 = Debug|Any CPU
		{9C8FF3F3-C560-4390-A113-3A5220F02E15}.Debug|Win32.ActiveCfg = Debug|Any CPU
		{9C8FF3F3-C560-4390-A113-3A5220F02E15}.Debug|x64.ActiveCfg = Debug|Any CPU
		{9C8FF3F3-C560-4390-A113-3A5220F02E15}.Debug|x86.ActiveCfg = Debug|Any CPU
		{9C8FF3F3-C560-4390-A113-3A5220F02E15}.Release|Any CPU.ActiveCfg = Release|Any CPU
		{9C8FF3F3-C560-4390-A113-3A5220F02E15}.Release|Any CPU.Build.0 = Release|Any CPU
		{9C8FF3F3-C560-4390-A113-3A5220F02E15}.Release|ARM.ActiveCfg = Release|Any CPU
		{9C8FF3F3-C560-4390-A113-3A5220F02E15}.Release|Mixed Platforms.ActiveCfg = Release|Any CPU
		{9C8FF3F3-C560-4390-A113-3A5220F02E15}.Release|Mixed Platforms.Build.0 = Release|Any CPU
		{9C8FF3F3-C560-4390-A113-3A5220F02E15}.Release|Win32.ActiveCfg = Release|Any CPU
		{9C8FF3F3-C560-4390-A113-3A5220F02E15}.Release|x64.ActiveCfg = Release|Any CPU
		{9C8FF3F3-C560-4390-A113-3A5220F02E15}.Release|x86.ActiveCfg = Release|Any CPU
		{A8798EC1-163B-4C75-B0A5-500A7A1E26A5}.Debug|Any CPU.ActiveCfg = Debug|x64
		{A8798EC1-163B-4C75-B0A5-500A7A1E26A5}.Debug|Any CPU.Build.0 = Debug|x64
		{A8798EC1-163B-4C75-B0A5-500A7A1E26A5}.Debug|ARM.ActiveCfg = Debug|x64
		{A8798EC1-163B-4C75-B0A5-500A7A1E26A5}.Debug|Mixed Platforms.ActiveCfg = Debug|x64
		{A8798EC1-163B-4C75-B0A5-500A7A1E26A5}.Debug|Mixed Platforms.Build.0 = Debug|x64
		{A8798EC1-163B-4C75-B0A5-500A7A1E26A5}.Debug|Win32.ActiveCfg = Debug|x64
		{A8798EC1-163B-4C75-B0A5-500A7A1E26A5}.Debug|x64.ActiveCfg = Debug|x64
		{A8798EC1-163B-4C75-B0A5-500A7A1E26A5}.Debug|x64.Build.0 = Debug|x64
		{A8798EC1-163B-4C75-B0A5-500A7A1E26A5}.Debug|x86.ActiveCfg = Debug|x64
		{A8798EC1-163B-4C75-B0A5-500A7A1E26A5}.Release|Any CPU.ActiveCfg = Release|x64
		{A8798EC1-163B-4C75-B0A5-500A7A1E26A5}.Release|Any CPU.Build.0 = Release|x64
		{A8798EC1-163B-4C75-B0A5-500A7A1E26A5}.Release|ARM.ActiveCfg = Release|x64
		{A8798EC1-163B-4C75-B0A5-500A7A1E26A5}.Release|Mixed Platforms.ActiveCfg = Release|x64
		{A8798EC1-163B-4C75-B0A5-500A7A1E26A5}.Release|Mixed Platforms.Build.0 = Release|x64
		{A8798EC1-163B-4C75-B0A5-500A7A1E26A5}.Release|Win32.ActiveCfg = Release|x64
		{A8798EC1-163B-4C75-B0A5-500A7A1E26A5}.Release|x64.ActiveCfg = Release|x64
		{A8798EC1-163B-4C75-B0A5-500A7A1E26A5}.Release|x64.Build.0 = Release|x64
		{A8798EC1-163B-4C75-B0A5-500A7A1E26A5}.Release|x86.ActiveCfg = Release|x64
		{7BC364F5-0E03-42F1-AD26-934A2C92B1D5}.Debug|Any CPU.ActiveCfg = Debug|Win32
		{7BC364F5-0E03-42F1-AD26-934A2C92B1D5}.Debug|Any CPU.Build.0 = Debug|Win32
		{7BC364F5-0E03-42F1-AD26-934A2C92B1D5}.Debug|ARM.ActiveCfg = Debug|Win32
		{7BC364F5-0E03-42F1-AD26-934A2C92B1D5}.Debug|Mixed Platforms.ActiveCfg = Debug|Win32
		{7BC364F5-0E03-42F1-AD26-934A2C92B1D5}.Debug|Mixed Platforms.Build.0 = Debug|Win32
		{7BC364F5-0E03-42F1-AD26-934A2C92B1D5}.Debug|Win32.ActiveCfg = Debug|Win32
		{7BC364F5-0E03-42F1-AD26-934A2C92B1D5}.Debug|Win32.Build.0 = Debug|Win32
		{7BC364F5-0E03-42F1-AD26-934A2C92B1D5}.Debug|x64.ActiveCfg = Debug|Win32
		{7BC364F5-0E03-42F1-AD26-934A2C92B1D5}.Debug|x86.ActiveCfg = Debug|Win32
		{7BC364F5-0E03-42F1-AD26-934A2C92B1D5}.Debug|x86.Build.0 = Debug|Win32
		{7BC364F5-0E03-42F1-AD26-934A2C92B1D5}.Release|Any CPU.ActiveCfg = Release|Win32
		{7BC364F5-0E03-42F1-AD26-934A2C92B1D5}.Release|Any CPU.Build.0 = Release|Win32
		{7BC364F5-0E03-42F1-AD26-934A2C92B1D5}.Release|ARM.ActiveCfg = Release|Win32
		{7BC364F5-0E03-42F1-AD26-934A2C92B1D5}.Release|Mixed Platforms.ActiveCfg = Release|Win32
		{7BC364F5-0E03-42F1-AD26-934A2C92B1D5}.Release|Mixed Platforms.Build.0 = Release|Win32
		{7BC364F5-0E03-42F1-AD26-934A2C92B1D5}.Release|Win32.ActiveCfg = Release|Win32
		{7BC364F5-0E03-42F1-AD26-934A2C92B1D5}.Release|Win32.Build.0 = Release|Win32
		{7BC364F5-0E03-42F1-AD26-934A2C92B1D5}.Release|x64.ActiveCfg = Release|Win32
		{7BC364F5-0E03-42F1-AD26-934A2C92B1D5}.Release|x86.ActiveCfg = Release|Win32
		{7BC364F5-0E03-42F1-AD26-934A2C92B1D5}.Release|x86.Build.0 = Release|Win32
		{5EEECB8E-D2F5-4A0B-A8E2-EFA2C55D8D2B}.Debug|Any CPU.ActiveCfg = Release|x64
		{5EEECB8E-D2F5-4A0B-A8E2-EFA2C55D8D2B}.Debug|Any CPU.Build.0 = Release|x64
		{5EEECB8E-D2F5-4A0B-A8E2-EFA2C55D8D2B}.Debug|ARM.ActiveCfg = Release|x64
		{5EEECB8E-D2F5-4A0B-A8E2-EFA2C55D8D2B}.Debug|Mixed Platforms.ActiveCfg = Release|x64
		{5EEECB8E-D2F5-4A0B-A8E2-EFA2C55D8D2B}.Debug|Mixed Platforms.Build.0 = Release|x64
		{5EEECB8E-D2F5-4A0B-A8E2-EFA2C55D8D2B}.Debug|Win32.ActiveCfg = Release|x64
		{5EEECB8E-D2F5-4A0B-A8E2-EFA2C55D8D2B}.Debug|x64.ActiveCfg = Release|x64
		{5EEECB8E-D2F5-4A0B-A8E2-EFA2C55D8D2B}.Debug|x64.Build.0 = Release|x64
		{5EEECB8E-D2F5-4A0B-A8E2-EFA2C55D8D2B}.Debug|x86.ActiveCfg = Release|x64
		{5EEECB8E-D2F5-4A0B-A8E2-EFA2C55D8D2B}.Release|Any CPU.ActiveCfg = Release|x64
		{5EEECB8E-D2F5-4A0B-A8E2-EFA2C55D8D2B}.Release|Any CPU.Build.0 = Release|x64
		{5EEECB8E-D2F5-4A0B-A8E2-EFA2C55D8D2B}.Release|ARM.ActiveCfg = Release|x64
		{5EEECB8E-D2F5-4A0B-A8E2-EFA2C55D8D2B}.Release|Mixed Platforms.ActiveCfg = Release|x64
		{5EEECB8E-D2F5-4A0B-A8E2-EFA2C55D8D2B}.Release|Mixed Platforms.Build.0 = Release|x64
		{5EEECB8E-D2F5-4A0B-A8E2-EFA2C55D8D2B}.Release|Win32.ActiveCfg = Release|x64
		{5EEECB8E-D2F5-4A0B-A8E2-EFA2C55D8D2B}.Release|x64.ActiveCfg = Release|x64
		{5EEECB8E-D2F5-4A0B-A8E2-EFA2C55D8D2B}.Release|x64.Build.0 = Release|x64
		{5EEECB8E-D2F5-4A0B-A8E2-EFA2C55D8D2B}.Release|x86.ActiveCfg = Release|x64
		{154CEA98-BF1B-4F7F-A5B6-409952A15D66}.Debug|Any CPU.ActiveCfg = Release|Win32
		{154CEA98-BF1B-4F7F-A5B6-409952A15D66}.Debug|Any CPU.Build.0 = Release|Win32
		{154CEA98-BF1B-4F7F-A5B6-409952A15D66}.Debug|ARM.ActiveCfg = Release|Win32
		{154CEA98-BF1B-4F7F-A5B6-409952A15D66}.Debug|Mixed Platforms.ActiveCfg = Release|Win32
		{154CEA98-BF1B-4F7F-A5B6-409952A15D66}.Debug|Mixed Platforms.Build.0 = Release|Win32
		{154CEA98-BF1B-4F7F-A5B6-409952A15D66}.Debug|Win32.ActiveCfg = Release|Win32
		{154CEA98-BF1B-4F7F-A5B6-409952A15D66}.Debug|Win32.Build.0 = Release|Win32
		{154CEA98-BF1B-4F7F-A5B6-409952A15D66}.Debug|x64.ActiveCfg = Release|Win32
		{154CEA98-BF1B-4F7F-A5B6-409952A15D66}.Debug|x86.ActiveCfg = Release|Win32
		{154CEA98-BF1B-4F7F-A5B6-409952A15D66}.Debug|x86.Build.0 = Release|Win32
		{154CEA98-BF1B-4F7F-A5B6-409952A15D66}.Release|Any CPU.ActiveCfg = Release|Win32
		{154CEA98-BF1B-4F7F-A5B6-409952A15D66}.Release|Any CPU.Build.0 = Release|Win32
		{154CEA98-BF1B-4F7F-A5B6-409952A15D66}.Release|ARM.ActiveCfg = Release|Win32
		{154CEA98-BF1B-4F7F-A5B6-409952A15D66}.Release|Mixed Platforms.ActiveCfg = Release|Win32
		{154CEA98-BF1B-4F7F-A5B6-409952A15D66}.Release|Mixed Platforms.Build.0 = Release|Win32
		{154CEA98-BF1B-4F7F-A5B6-409952A15D66}.Release|Win32.ActiveCfg = Release|Win32
		{154CEA98-BF1B-4F7F-A5B6-409952A15D66}.Release|Win32.Build.0 = Release|Win32
		{154CEA98-BF1B-4F7F-A5B6-409952A15D66}.Release|x64.ActiveCfg = Release|Win32
		{154CEA98-BF1B-4F7F-A5B6-409952A15D66}.Release|x86.ActiveCfg = Release|Win32
		{154CEA98-BF1B-4F7F-A5B6-409952A15D66}.Release|x86.Build.0 = Release|Win32
		{3106165D-889A-4EB2-9B3E-230C89378519}.Debug|Any CPU.ActiveCfg = Debug|x64
		{3106165D-889A-4EB2-9B3E-230C89378519}.Debug|Any CPU.Build.0 = Debug|x64
		{3106165D-889A-4EB2-9B3E-230C89378519}.Debug|ARM.ActiveCfg = Debug|x64
		{3106165D-889A-4EB2-9B3E-230C89378519}.Debug|Mixed Platforms.ActiveCfg = Debug|x64
		{3106165D-889A-4EB2-9B3E-230C89378519}.Debug|Mixed Platforms.Build.0 = Debug|x64
		{3106165D-889A-4EB2-9B3E-230C89378519}.Debug|Win32.ActiveCfg = Debug|x64
		{3106165D-889A-4EB2-9B3E-230C89378519}.Debug|x64.ActiveCfg = Debug|x64
		{3106165D-889A-4EB2-9B3E-230C89378519}.Debug|x64.Build.0 = Debug|x64
		{3106165D-889A-4EB2-9B3E-230C89378519}.Debug|x86.ActiveCfg = Debug|x64
		{3106165D-889A-4EB2-9B3E-230C89378519}.Release|Any CPU.ActiveCfg = Debug|x64
		{3106165D-889A-4EB2-9B3E-230C89378519}.Release|Any CPU.Build.0 = Debug|x64
		{3106165D-889A-4EB2-9B3E-230C89378519}.Release|ARM.ActiveCfg = Debug|x64
		{3106165D-889A-4EB2-9B3E-230C89378519}.Release|Mixed Platforms.ActiveCfg = Debug|x64
		{3106165D-889A-4EB2-9B3E-230C89378519}.Release|Mixed Platforms.Build.0 = Debug|x64
		{3106165D-889A-4EB2-9B3E-230C89378519}.Release|Win32.ActiveCfg = Debug|x64
		{3106165D-889A-4EB2-9B3E-230C89378519}.Release|x64.ActiveCfg = Debug|x64
		{3106165D-889A-4EB2-9B3E-230C89378519}.Release|x64.Build.0 = Debug|x64
		{3106165D-889A-4EB2-9B3E-230C89378519}.Release|x86.ActiveCfg = Debug|x64
		{49BF0981-08D6-41D2-B797-7FE5486626DC}.Debug|Any CPU.ActiveCfg = Debug|Win32
		{49BF0981-08D6-41D2-B797-7FE5486626DC}.Debug|Any CPU.Build.0 = Debug|Win32
		{49BF0981-08D6-41D2-B797-7FE5486626DC}.Debug|ARM.ActiveCfg = Debug|Win32
		{49BF0981-08D6-41D2-B797-7FE5486626DC}.Debug|Mixed Platforms.ActiveCfg = Debug|Win32
		{49BF0981-08D6-41D2-B797-7FE5486626DC}.Debug|Mixed Platforms.Build.0 = Debug|Win32
		{49BF0981-08D6-41D2-B797-7FE5486626DC}.Debug|Win32.ActiveCfg = Debug|Win32
		{49BF0981-08D6-41D2-B797-7FE5486626DC}.Debug|Win32.Build.0 = Debug|Win32
		{49BF0981-08D6-41D2-B797-7FE5486626DC}.Debug|x64.ActiveCfg = Debug|Win32
		{49BF0981-08D6-41D2-B797-7FE5486626DC}.Debug|x86.ActiveCfg = Debug|Win32
		{49BF0981-08D6-41D2-B797-7FE5486626DC}.Debug|x86.Build.0 = Debug|Win32
		{49BF0981-08D6-41D2-B797-7FE5486626DC}.Release|Any CPU.ActiveCfg = Debug|Win32
		{49BF0981-08D6-41D2-B797-7FE5486626DC}.Release|Any CPU.Build.0 = Debug|Win32
		{49BF0981-08D6-41D2-B797-7FE5486626DC}.Release|ARM.ActiveCfg = Debug|Win32
		{49BF0981-08D6-41D2-B797-7FE5486626DC}.Release|Mixed Platforms.ActiveCfg = Debug|Win32
		{49BF0981-08D6-41D2-B797-7FE5486626DC}.Release|Mixed Platforms.Build.0 = Debug|Win32
		{49BF0981-08D6-41D2-B797-7FE5486626DC}.Release|Win32.ActiveCfg = Debug|Win32
		{49BF0981-08D6-41D2-B797-7FE5486626DC}.Release|Win32.Build.0 = Debug|Win32
		{49BF0981-08D6-41D2-B797-7FE5486626DC}.Release|x64.ActiveCfg = Debug|Win32
		{49BF0981-08D6-41D2-B797-7FE5486626DC}.Release|x86.ActiveCfg = Debug|Win32
		{49BF0981-08D6-41D2-B797-7FE5486626DC}.Release|x86.Build.0 = Debug|Win32
		{C0C2492B-E3E3-49E2-BA97-76CB07C3F473}.Debug|Any CPU.ActiveCfg = Debug|Any CPU
		{C0C2492B-E3E3-49E2-BA97-76CB07C3F473}.Debug|Any CPU.Build.0 = Debug|Any CPU
		{C0C2492B-E3E3-49E2-BA97-76CB07C3F473}.Debug|ARM.ActiveCfg = Debug|Any CPU
		{C0C2492B-E3E3-49E2-BA97-76CB07C3F473}.Debug|Mixed Platforms.ActiveCfg = Debug|Any CPU
		{C0C2492B-E3E3-49E2-BA97-76CB07C3F473}.Debug|Mixed Platforms.Build.0 = Debug|Any CPU
		{C0C2492B-E3E3-49E2-BA97-76CB07C3F473}.Debug|Win32.ActiveCfg = Debug|Any CPU
		{C0C2492B-E3E3-49E2-BA97-76CB07C3F473}.Debug|x64.ActiveCfg = Debug|Any CPU
		{C0C2492B-E3E3-49E2-BA97-76CB07C3F473}.Debug|x86.ActiveCfg = Debug|Any CPU
		{C0C2492B-E3E3-49E2-BA97-76CB07C3F473}.Release|Any CPU.ActiveCfg = Release|Any CPU
		{C0C2492B-E3E3-49E2-BA97-76CB07C3F473}.Release|Any CPU.Build.0 = Release|Any CPU
		{C0C2492B-E3E3-49E2-BA97-76CB07C3F473}.Release|ARM.ActiveCfg = Release|Any CPU
		{C0C2492B-E3E3-49E2-BA97-76CB07C3F473}.Release|Mixed Platforms.ActiveCfg = Release|Any CPU
		{C0C2492B-E3E3-49E2-BA97-76CB07C3F473}.Release|Mixed Platforms.Build.0 = Release|Any CPU
		{C0C2492B-E3E3-49E2-BA97-76CB07C3F473}.Release|Win32.ActiveCfg = Release|Any CPU
		{C0C2492B-E3E3-49E2-BA97-76CB07C3F473}.Release|x64.ActiveCfg = Release|Any CPU
		{C0C2492B-E3E3-49E2-BA97-76CB07C3F473}.Release|x86.ActiveCfg = Release|Any CPU
		{792694CE-6935-4452-9F3C-319ADAA87A26}.Debug|Any CPU.ActiveCfg = Debug|Any CPU
		{792694CE-6935-4452-9F3C-319ADAA87A26}.Debug|Any CPU.Build.0 = Debug|Any CPU
		{792694CE-6935-4452-9F3C-319ADAA87A26}.Debug|ARM.ActiveCfg = Debug|Any CPU
		{792694CE-6935-4452-9F3C-319ADAA87A26}.Debug|Mixed Platforms.ActiveCfg = Debug|Any CPU
		{792694CE-6935-4452-9F3C-319ADAA87A26}.Debug|Mixed Platforms.Build.0 = Debug|Any CPU
		{792694CE-6935-4452-9F3C-319ADAA87A26}.Debug|Win32.ActiveCfg = Debug|Any CPU
		{792694CE-6935-4452-9F3C-319ADAA87A26}.Debug|x64.ActiveCfg = Debug|Any CPU
		{792694CE-6935-4452-9F3C-319ADAA87A26}.Debug|x86.ActiveCfg = Debug|Any CPU
		{792694CE-6935-4452-9F3C-319ADAA87A26}.Release|Any CPU.ActiveCfg = Release|Any CPU
		{792694CE-6935-4452-9F3C-319ADAA87A26}.Release|Any CPU.Build.0 = Release|Any CPU
		{792694CE-6935-4452-9F3C-319ADAA87A26}.Release|ARM.ActiveCfg = Release|Any CPU
		{792694CE-6935-4452-9F3C-319ADAA87A26}.Release|Mixed Platforms.ActiveCfg = Release|Any CPU
		{792694CE-6935-4452-9F3C-319ADAA87A26}.Release|Mixed Platforms.Build.0 = Release|Any CPU
		{792694CE-6935-4452-9F3C-319ADAA87A26}.Release|Win32.ActiveCfg = Release|Any CPU
		{792694CE-6935-4452-9F3C-319ADAA87A26}.Release|x64.ActiveCfg = Release|Any CPU
		{792694CE-6935-4452-9F3C-319ADAA87A26}.Release|x86.ActiveCfg = Release|Any CPU
		{A358345A-44E1-4767-A20C-A97DE4BAF52C}.Debug|Any CPU.ActiveCfg = Debug|Any CPU
		{A358345A-44E1-4767-A20C-A97DE4BAF52C}.Debug|Any CPU.Build.0 = Debug|Any CPU
		{A358345A-44E1-4767-A20C-A97DE4BAF52C}.Debug|ARM.ActiveCfg = Debug|Any CPU
		{A358345A-44E1-4767-A20C-A97DE4BAF52C}.Debug|ARM.Build.0 = Debug|Any CPU
		{A358345A-44E1-4767-A20C-A97DE4BAF52C}.Debug|Mixed Platforms.ActiveCfg = Debug|Any CPU
		{A358345A-44E1-4767-A20C-A97DE4BAF52C}.Debug|Mixed Platforms.Build.0 = Debug|Any CPU
		{A358345A-44E1-4767-A20C-A97DE4BAF52C}.Debug|Win32.ActiveCfg = Debug|Any CPU
		{A358345A-44E1-4767-A20C-A97DE4BAF52C}.Debug|Win32.Build.0 = Debug|Any CPU
		{A358345A-44E1-4767-A20C-A97DE4BAF52C}.Debug|x64.ActiveCfg = Debug|Any CPU
		{A358345A-44E1-4767-A20C-A97DE4BAF52C}.Debug|x64.Build.0 = Debug|Any CPU
		{A358345A-44E1-4767-A20C-A97DE4BAF52C}.Debug|x86.ActiveCfg = Debug|Any CPU
		{A358345A-44E1-4767-A20C-A97DE4BAF52C}.Debug|x86.Build.0 = Debug|Any CPU
		{A358345A-44E1-4767-A20C-A97DE4BAF52C}.Release|Any CPU.ActiveCfg = Release|Any CPU
		{A358345A-44E1-4767-A20C-A97DE4BAF52C}.Release|Any CPU.Build.0 = Release|Any CPU
		{A358345A-44E1-4767-A20C-A97DE4BAF52C}.Release|ARM.ActiveCfg = Release|Any CPU
		{A358345A-44E1-4767-A20C-A97DE4BAF52C}.Release|ARM.Build.0 = Release|Any CPU
		{A358345A-44E1-4767-A20C-A97DE4BAF52C}.Release|Mixed Platforms.ActiveCfg = Release|Any CPU
		{A358345A-44E1-4767-A20C-A97DE4BAF52C}.Release|Mixed Platforms.Build.0 = Release|Any CPU
		{A358345A-44E1-4767-A20C-A97DE4BAF52C}.Release|Win32.ActiveCfg = Release|Any CPU
		{A358345A-44E1-4767-A20C-A97DE4BAF52C}.Release|Win32.Build.0 = Release|Any CPU
		{A358345A-44E1-4767-A20C-A97DE4BAF52C}.Release|x64.ActiveCfg = Release|Any CPU
		{A358345A-44E1-4767-A20C-A97DE4BAF52C}.Release|x64.Build.0 = Release|Any CPU
		{A358345A-44E1-4767-A20C-A97DE4BAF52C}.Release|x86.ActiveCfg = Release|Any CPU
		{A358345A-44E1-4767-A20C-A97DE4BAF52C}.Release|x86.Build.0 = Release|Any CPU
		{41F098DA-29DC-48AF-9C6C-2BC6F4F0BE41}.Debug|Any CPU.ActiveCfg = Debug|Any CPU
		{41F098DA-29DC-48AF-9C6C-2BC6F4F0BE41}.Debug|Any CPU.Build.0 = Debug|Any CPU
		{41F098DA-29DC-48AF-9C6C-2BC6F4F0BE41}.Debug|ARM.ActiveCfg = Debug|Any CPU
		{41F098DA-29DC-48AF-9C6C-2BC6F4F0BE41}.Debug|ARM.Build.0 = Debug|Any CPU
		{41F098DA-29DC-48AF-9C6C-2BC6F4F0BE41}.Debug|Mixed Platforms.ActiveCfg = Debug|Any CPU
		{41F098DA-29DC-48AF-9C6C-2BC6F4F0BE41}.Debug|Mixed Platforms.Build.0 = Debug|Any CPU
		{41F098DA-29DC-48AF-9C6C-2BC6F4F0BE41}.Debug|Win32.ActiveCfg = Debug|Any CPU
		{41F098DA-29DC-48AF-9C6C-2BC6F4F0BE41}.Debug|Win32.Build.0 = Debug|Any CPU
		{41F098DA-29DC-48AF-9C6C-2BC6F4F0BE41}.Debug|x64.ActiveCfg = Debug|Any CPU
		{41F098DA-29DC-48AF-9C6C-2BC6F4F0BE41}.Debug|x64.Build.0 = Debug|Any CPU
		{41F098DA-29DC-48AF-9C6C-2BC6F4F0BE41}.Debug|x86.ActiveCfg = Debug|Any CPU
		{41F098DA-29DC-48AF-9C6C-2BC6F4F0BE41}.Debug|x86.Build.0 = Debug|Any CPU
		{41F098DA-29DC-48AF-9C6C-2BC6F4F0BE41}.Release|Any CPU.ActiveCfg = Release|Any CPU
		{41F098DA-29DC-48AF-9C6C-2BC6F4F0BE41}.Release|Any CPU.Build.0 = Release|Any CPU
		{41F098DA-29DC-48AF-9C6C-2BC6F4F0BE41}.Release|ARM.ActiveCfg = Release|Any CPU
		{41F098DA-29DC-48AF-9C6C-2BC6F4F0BE41}.Release|ARM.Build.0 = Release|Any CPU
		{41F098DA-29DC-48AF-9C6C-2BC6F4F0BE41}.Release|Mixed Platforms.ActiveCfg = Release|Any CPU
		{41F098DA-29DC-48AF-9C6C-2BC6F4F0BE41}.Release|Mixed Platforms.Build.0 = Release|Any CPU
		{41F098DA-29DC-48AF-9C6C-2BC6F4F0BE41}.Release|Win32.ActiveCfg = Release|Any CPU
		{41F098DA-29DC-48AF-9C6C-2BC6F4F0BE41}.Release|Win32.Build.0 = Release|Any CPU
		{41F098DA-29DC-48AF-9C6C-2BC6F4F0BE41}.Release|x64.ActiveCfg = Release|Any CPU
		{41F098DA-29DC-48AF-9C6C-2BC6F4F0BE41}.Release|x64.Build.0 = Release|Any CPU
		{41F098DA-29DC-48AF-9C6C-2BC6F4F0BE41}.Release|x86.ActiveCfg = Release|Any CPU
		{41F098DA-29DC-48AF-9C6C-2BC6F4F0BE41}.Release|x86.Build.0 = Release|Any CPU
	EndGlobalSection
	GlobalSection(SolutionProperties) = preSolution
		HideSolutionNode = FALSE
	EndGlobalSection
	GlobalSection(NestedProjects) = preSolution
		{1B908B3A-2F3B-47B8-B69F-3827B8829586} = {E0FFF03D-34B3-406E-9456-501E0C9D8E1C}
		{377C04C5-EE8C-4159-BDDC-37F1A8372705} = {E624D4D5-6EF9-4DCE-B5FC-C7DB6F387760}
		{FEBCB651-C5D8-4374-BF9C-20D6FE6AC60E} = {E0FFF03D-34B3-406E-9456-501E0C9D8E1C}
		{E624D4D5-6EF9-4DCE-B5FC-C7DB6F387760} = {E0FFF03D-34B3-406E-9456-501E0C9D8E1C}
		{C54CC6BB-A650-475B-A07B-94FCA8BE71A3} = {4539F890-A585-4651-BE41-6D560801E44C}
		{21218E92-3815-4E5E-9761-C3FB0709F532} = {E0FFF03D-34B3-406E-9456-501E0C9D8E1C}
		{21331D8D-C95A-44AE-BB90-62F9CA0F1AB6} = {FEBCB651-C5D8-4374-BF9C-20D6FE6AC60E}
		{E0FFF03D-34B3-406E-9456-501E0C9D8E1C} = {0DFD78EE-EFBE-4F42-8195-87BF371EAFDD}
		{DB38E0FB-D5C0-48D2-838C-5A4EAD6677C6} = {0DFD78EE-EFBE-4F42-8195-87BF371EAFDD}
		{C640AA00-0B3B-4850-95A9-A869551126E3} = {DB38E0FB-D5C0-48D2-838C-5A4EAD6677C6}
		{8BE8DD24-AC83-48FA-9D39-86A7A8B9C7BF} = {DB38E0FB-D5C0-48D2-838C-5A4EAD6677C6}
		{54521074-D12C-4ADA-AAEC-D5F93FE36003} = {8BE8DD24-AC83-48FA-9D39-86A7A8B9C7BF}
		{4C11A5D4-F468-4B6E-BB57-2E1B521DBCB2} = {FEBCB651-C5D8-4374-BF9C-20D6FE6AC60E}
		{44C76CA2-BC2E-4909-AA62-61C5CBBEBB32} = {E0FFF03D-34B3-406E-9456-501E0C9D8E1C}
		{93661533-283D-4162-950F-10F232339620} = {E0FFF03D-34B3-406E-9456-501E0C9D8E1C}
		{9C8FF3F3-C560-4390-A113-3A5220F02E15} = {FEBCB651-C5D8-4374-BF9C-20D6FE6AC60E}
		{A8798EC1-163B-4C75-B0A5-500A7A1E26A5} = {E624D4D5-6EF9-4DCE-B5FC-C7DB6F387760}
		{7BC364F5-0E03-42F1-AD26-934A2C92B1D5} = {E624D4D5-6EF9-4DCE-B5FC-C7DB6F387760}
		{5EEECB8E-D2F5-4A0B-A8E2-EFA2C55D8D2B} = {E0FFF03D-34B3-406E-9456-501E0C9D8E1C}
		{154CEA98-BF1B-4F7F-A5B6-409952A15D66} = {E0FFF03D-34B3-406E-9456-501E0C9D8E1C}
		{3106165D-889A-4EB2-9B3E-230C89378519} = {E0FFF03D-34B3-406E-9456-501E0C9D8E1C}
		{49BF0981-08D6-41D2-B797-7FE5486626DC} = {E0FFF03D-34B3-406E-9456-501E0C9D8E1C}
		{C0C2492B-E3E3-49E2-BA97-76CB07C3F473} = {E624D4D5-6EF9-4DCE-B5FC-C7DB6F387760}
		{792694CE-6935-4452-9F3C-319ADAA87A26} = {E624D4D5-6EF9-4DCE-B5FC-C7DB6F387760}
		{A358345A-44E1-4767-A20C-A97DE4BAF52C} = {E0FFF03D-34B3-406E-9456-501E0C9D8E1C}
		{41F098DA-29DC-48AF-9C6C-2BC6F4F0BE41} = {E0FFF03D-34B3-406E-9456-501E0C9D8E1C}
	EndGlobalSection
EndGlobal
